
Microsoft Visual Studio Solution File, Format Version 12.00
# Visual Studio Version 16
VisualStudioVersion = 16.0.30503.244
MinimumVisualStudioVersion = 10.0.40219.1
Project("{8BC9CEB8-8B4A-11D0-8D11-00A0C91BC942}") = "ParallelEngine", "ParallelEngine.vcxproj", "{7D104E5A-1628-4F35-B8C6-1497E5FD6AF1}"
EndProject
Global
	GlobalSection(SolutionConfigurationPlatforms) = preSolution
		Debug|x64 = Debug|x64
		Debug|x86 = Debug|x86
		Release|x64 = Release|x64
		Release|x86 = Release|x86
	EndGlobalSection
	GlobalSection(ProjectConfigurationPlatforms) = postSolution
		{7D104E5A-1628-4F35-B8C6-1497E5FD6AF1}.Debug|x64.ActiveCfg = Debug|x64
		{7D104E5A-1628-4F35-B8C6-1497E5FD6AF1}.Debug|x64.Build.0 = Debug|x64
		{7D104E5A-1628-4F35-B8C6-1497E5FD6AF1}.Debug|x86.ActiveCfg = Debug|Win32
		{7D104E5A-1628-4F35-B8C6-1497E5FD6AF1}.Debug|x86.Build.0 = Debug|Win32
		{7D104E5A-1628-4F35-B8C6-1497E5FD6AF1}.Release|x64.ActiveCfg = Release|x64
		{7D104E5A-1628-4F35-B8C6-1497E5FD6AF1}.Release|x64.Build.0 = Release|x64
		{7D104E5A-1628-4F35-B8C6-1497E5FD6AF1}.Release|x86.ActiveCfg = Release|Win32
		{7D104E5A-1628-4F35-B8C6-1497E5FD6AF1}.Release|x86.Build.0 = Release|Win32
	EndGlobalSection
	GlobalSection(SolutionProperties) = preSolution
		HideSolutionNode = FALSE
	EndGlobalSection
	GlobalSection(ExtensibilityGlobals) = postSolution
		SolutionGuid = {B377543D-9174-4E95-92E6-7677D7742861}
	EndGlobalSection
EndGlobal
